// !$*UTF8*$!
{
	archiveVersion = 1;
	classes = {
	};
	objectVersion = 55;
	objects = {

/* Begin PBXBuildFile section */
		997AA0A72B7FA0E600D8073C /* CircleTests.swift in Sources */ = {isa = PBXBuildFile; fileRef = 997AA0A62B7FA0E600D8073C /* CircleTests.swift */; };
		997AA0A92B7FA13600D8073C /* TriangleTests.swift in Sources */ = {isa = PBXBuildFile; fileRef = 997AA0A82B7FA13600D8073C /* TriangleTests.swift */; };
		997AA0AD2B7FA33000D8073C /* AreaCalculatorTests.swift in Sources */ = {isa = PBXBuildFile; fileRef = 997AA0AC2B7FA33000D8073C /* AreaCalculatorTests.swift */; };
		99A4FC162B7D31FE00B4988E /* main.swift in Sources */ = {isa = PBXBuildFile; fileRef = 99A4FC152B7D31FE00B4988E /* main.swift */; };
		99A4FC1D2B7D43AC00B4988E /* Structures.swift in Sources */ = {isa = PBXBuildFile; fileRef = 99A4FC1C2B7D43AC00B4988E /* Structures.swift */; };
/* End PBXBuildFile section */

/* Begin PBXCopyFilesBuildPhase section */
		99A4FC102B7D31FE00B4988E /* CopyFiles */ = {
			isa = PBXCopyFilesBuildPhase;
			buildActionMask = 2147483647;
			dstPath = /usr/share/man/man1/;
			dstSubfolderSpec = 0;
			files = (
			);
			runOnlyForDeploymentPostprocessing = 1;
		};
/* End PBXCopyFilesBuildPhase section */

/* Begin PBXFileReference section */
		997AA09F2B7F9CB900D8073C /* MindBoxTests.xctest */ = {isa = PBXFileReference; explicitFileType = wrapper.cfbundle; includeInIndex = 0; path = MindBoxTests.xctest; sourceTree = BUILT_PRODUCTS_DIR; };
		997AA0A62B7FA0E600D8073C /* CircleTests.swift */ = {isa = PBXFileReference; lastKnownFileType = sourcecode.swift; path = CircleTests.swift; sourceTree = "<group>"; };
		997AA0A82B7FA13600D8073C /* TriangleTests.swift */ = {isa = PBXFileReference; lastKnownFileType = sourcecode.swift; path = TriangleTests.swift; sourceTree = "<group>"; };
		997AA0AC2B7FA33000D8073C /* AreaCalculatorTests.swift */ = {isa = PBXFileReference; lastKnownFileType = sourcecode.swift; path = AreaCalculatorTests.swift; sourceTree = "<group>"; };
		99A4FC122B7D31FE00B4988E /* MindBox */ = {isa = PBXFileReference; explicitFileType = "compiled.mach-o.executable"; includeInIndex = 0; path = MindBox; sourceTree = BUILT_PRODUCTS_DIR; };
		99A4FC152B7D31FE00B4988E /* main.swift */ = {isa = PBXFileReference; lastKnownFileType = sourcecode.swift; path = main.swift; sourceTree = "<group>"; };
		99A4FC1C2B7D43AC00B4988E /* Structures.swift */ = {isa = PBXFileReference; lastKnownFileType = sourcecode.swift; path = Structures.swift; sourceTree = "<group>"; };
/* End PBXFileReference section */

/* Begin PBXFrameworksBuildPhase section */
		997AA09C2B7F9CB900D8073C /* Frameworks */ = {
			isa = PBXFrameworksBuildPhase;
			buildActionMask = 2147483647;
			files = (
			);
			runOnlyForDeploymentPostprocessing = 0;
		};
		99A4FC0F2B7D31FE00B4988E /* Frameworks */ = {
			isa = PBXFrameworksBuildPhase;
			buildActionMask = 2147483647;
			files = (
			);
			runOnlyForDeploymentPostprocessing = 0;
		};
/* End PBXFrameworksBuildPhase section */

/* Begin PBXGroup section */
		997AA0A02B7F9CB900D8073C /* MindBoxTests */ = {
			isa = PBXGroup;
			children = (
				997AA0A62B7FA0E600D8073C /* CircleTests.swift */,
				997AA0A82B7FA13600D8073C /* TriangleTests.swift */,
				997AA0AC2B7FA33000D8073C /* AreaCalculatorTests.swift */,
			);
			path = MindBoxTests;
			sourceTree = "<group>";
		};
		99A4FC092B7D31FE00B4988E = {
			isa = PBXGroup;
			children = (
				99A4FC142B7D31FE00B4988E /* MindBox */,
				997AA0A02B7F9CB900D8073C /* MindBoxTests */,
				99A4FC132B7D31FE00B4988E /* Products */,
			);
			sourceTree = "<group>";
		};
		99A4FC132B7D31FE00B4988E /* Products */ = {
			isa = PBXGroup;
			children = (
				99A4FC122B7D31FE00B4988E /* MindBox */,
				997AA09F2B7F9CB900D8073C /* MindBoxTests.xctest */,
			);
			name = Products;
			sourceTree = "<group>";
		};
		99A4FC142B7D31FE00B4988E /* MindBox */ = {
			isa = PBXGroup;
			children = (
				99A4FC152B7D31FE00B4988E /* main.swift */,
				99A4FC1C2B7D43AC00B4988E /* Structures.swift */,
			);
			path = MindBox;
			sourceTree = "<group>";
		};
/* End PBXGroup section */

/* Begin PBXNativeTarget section */
		997AA09E2B7F9CB900D8073C /* MindBoxTests */ = {
			isa = PBXNativeTarget;
			buildConfigurationList = 997AA0A32B7F9CB900D8073C /* Build configuration list for PBXNativeTarget "MindBoxTests" */;
			buildPhases = (
				997AA09B2B7F9CB900D8073C /* Sources */,
				997AA09C2B7F9CB900D8073C /* Frameworks */,
				997AA09D2B7F9CB900D8073C /* Resources */,
			);
			buildRules = (
			);
			dependencies = (
			);
			name = MindBoxTests;
			productName = MindBoxTests;
			productReference = 997AA09F2B7F9CB900D8073C /* MindBoxTests.xctest */;
			productType = "com.apple.product-type.bundle.unit-test";
		};
		99A4FC112B7D31FE00B4988E /* MindBox */ = {
			isa = PBXNativeTarget;
			buildConfigurationList = 99A4FC192B7D31FE00B4988E /* Build configuration list for PBXNativeTarget "MindBox" */;
			buildPhases = (
				99A4FC0E2B7D31FE00B4988E /* Sources */,
				99A4FC0F2B7D31FE00B4988E /* Frameworks */,
				99A4FC102B7D31FE00B4988E /* CopyFiles */,
			);
			buildRules = (
			);
			dependencies = (
			);
			name = MindBox;
			productName = MindBox;
			productReference = 99A4FC122B7D31FE00B4988E /* MindBox */;
			productType = "com.apple.product-type.tool";
		};
/* End PBXNativeTarget section */

/* Begin PBXProject section */
		99A4FC0A2B7D31FE00B4988E /* Project object */ = {
			isa = PBXProject;
			attributes = {
				BuildIndependentTargetsInParallel = 1;
				LastSwiftUpdateCheck = 1520;
				LastUpgradeCheck = 1520;
				TargetAttributes = {
					997AA09E2B7F9CB900D8073C = {
						CreatedOnToolsVersion = 15.2;
					};
					99A4FC112B7D31FE00B4988E = {
						CreatedOnToolsVersion = 13.4.1;
					};
				};
			};
			buildConfigurationList = 99A4FC0D2B7D31FE00B4988E /* Build configuration list for PBXProject "MindBox" */;
			compatibilityVersion = "Xcode 13.0";
			developmentRegion = en;
			hasScannedForEncodings = 0;
			knownRegions = (
				en,
				Base,
			);
			mainGroup = 99A4FC092B7D31FE00B4988E;
			productRefGroup = 99A4FC132B7D31FE00B4988E /* Products */;
			projectDirPath = "";
			projectRoot = "";
			targets = (
				99A4FC112B7D31FE00B4988E /* MindBox */,
				997AA09E2B7F9CB900D8073C /* MindBoxTests */,
			);
		};
/* End PBXProject section */

/* Begin PBXResourcesBuildPhase section */
		997AA09D2B7F9CB900D8073C /* Resources */ = {
			isa = PBXResourcesBuildPhase;
			buildActionMask = 2147483647;
			files = (
			);
			runOnlyForDeploymentPostprocessing = 0;
		};
/* End PBXResourcesBuildPhase section */

/* Begin PBXSourcesBuildPhase section */
		997AA09B2B7F9CB900D8073C /* Sources */ = {
			isa = PBXSourcesBuildPhase;
			buildActionMask = 2147483647;
			files = (
				997AA0A72B7FA0E600D8073C /* CircleTests.swift in Sources */,
				997AA0AD2B7FA33000D8073C /* AreaCalculatorTests.swift in Sources */,
				997AA0A92B7FA13600D8073C /* TriangleTests.swift in Sources */,
			);
			runOnlyForDeploymentPostprocessing = 0;
		};
		99A4FC0E2B7D31FE00B4988E /* Sources */ = {
			isa = PBXSourcesBuildPhase;
			buildActionMask = 2147483647;
			files = (
				99A4FC162B7D31FE00B4988E /* main.swift in Sources */,
				99A4FC1D2B7D43AC00B4988E /* Structures.swift in Sources */,
			);
			runOnlyForDeploymentPostprocessing = 0;
		};
/* End PBXSourcesBuildPhase section */

/* Begin XCBuildConfiguration section */
		997AA0A42B7F9CB900D8073C /* Debug */ = {
			isa = XCBuildConfiguration;
			buildSettings = {
				ASSETCATALOG_COMPILER_GENERATE_SWIFT_ASSET_SYMBOL_EXTENSIONS = YES;
				CLANG_CXX_LANGUAGE_STANDARD = "gnu++20";
				CODE_SIGN_STYLE = Automatic;
				CURRENT_PROJECT_VERSION = 1;
				DEAD_CODE_STRIPPING = YES;
				DEVELOPMENT_TEAM = 66W5A5Y95A;
				ENABLE_USER_SCRIPT_SANDBOXING = YES;
				GCC_C_LANGUAGE_STANDARD = gnu17;
				GENERATE_INFOPLIST_FILE = YES;
				LOCALIZATION_PREFERS_STRING_CATALOGS = YES;
				MACOSX_DEPLOYMENT_TARGET = 14.2;
				MARKETING_VERSION = 1.0;
				PRODUCT_BUNDLE_IDENTIFIER = asd.MindBoxTests;
				PRODUCT_NAME = "$(TARGET_NAME)";
				SWIFT_ACTIVE_COMPILATION_CONDITIONS = "DEBUG $(inherited)";
				SWIFT_EMIT_LOC_STRINGS = NO;
				SWIFT_VERSION = 5.0;
			};
			name = Debug;
		};
		997AA0A52B7F9CB900D8073C /* Release */ = {
			isa = XCBuildConfiguration;
			buildSettings = {
				ASSETCATALOG_COMPILER_GENERATE_SWIFT_ASSET_SYMBOL_EXTENSIONS = YES;
				CLANG_CXX_LANGUAGE_STANDARD = "gnu++20";
				CODE_SIGN_STYLE = Automatic;
				CURRENT_PROJECT_VERSION = 1;
				DEAD_CODE_STRIPPING = YES;
				DEVELOPMENT_TEAM = 66W5A5Y95A;
				ENABLE_USER_SCRIPT_SANDBOXING = YES;
				GCC_C_LANGUAGE_STANDARD = gnu17;
				GENERATE_INFOPLIST_FILE = YES;
				LOCALIZATION_PREFERS_STRING_CATALOGS = YES;
				MACOSX_DEPLOYMENT_TARGET = 14.2;
				MARKETING_VERSION = 1.0;
				PRODUCT_BUNDLE_IDENTIFIER = asd.MindBoxTests;
				PRODUCT_NAME = "$(TARGET_NAME)";
				SWIFT_EMIT_LOC_STRINGS = NO;
				SWIFT_VERSION = 5.0;
			};
			name = Release;
		};
		99A4FC172B7D31FE00B4988E /* Debug */ = {
			isa = XCBuildConfiguration;
			buildSettings = {
				ALWAYS_SEARCH_USER_PATHS = NO;
				CLANG_ANALYZER_NONNULL = YES;
				CLANG_ANALYZER_NUMBER_OBJECT_CONVERSION = YES_AGGRESSIVE;
				CLANG_CXX_LANGUAGE_STANDARD = "gnu++17";
				CLANG_ENABLE_MODULES = YES;
				CLANG_ENABLE_OBJC_ARC = YES;
				CLANG_ENABLE_OBJC_WEAK = YES;
				CLANG_WARN_BLOCK_CAPTURE_AUTORELEASING = YES;
				CLANG_WARN_BOOL_CONVERSION = YES;
				CLANG_WARN_COMMA = YES;
				CLANG_WARN_CONSTANT_CONVERSION = YES;
				CLANG_WARN_DEPRECATED_OBJC_IMPLEMENTATIONS = YES;
				CLANG_WARN_DIRECT_OBJC_ISA_USAGE = YES_ERROR;
				CLANG_WARN_DOCUMENTATION_COMMENTS = YES;
				CLANG_WARN_EMPTY_BODY = YES;
				CLANG_WARN_ENUM_CONVERSION = YES;
				CLANG_WARN_INFINITE_RECURSION = YES;
				CLANG_WARN_INT_CONVERSION = YES;
				CLANG_WARN_NON_LITERAL_NULL_CONVERSION = YES;
				CLANG_WARN_OBJC_IMPLICIT_RETAIN_SELF = YES;
				CLANG_WARN_OBJC_LITERAL_CONVERSION = YES;
				CLANG_WARN_OBJC_ROOT_CLASS = YES_ERROR;
				CLANG_WARN_QUOTED_INCLUDE_IN_FRAMEWORK_HEADER = YES;
				CLANG_WARN_RANGE_LOOP_ANALYSIS = YES;
				CLANG_WARN_STRICT_PROTOTYPES = YES;
				CLANG_WARN_SUSPICIOUS_MOVE = YES;
				CLANG_WARN_UNGUARDED_AVAILABILITY = YES_AGGRESSIVE;
				CLANG_WARN_UNREACHABLE_CODE = YES;
				CLANG_WARN__DUPLICATE_METHOD_MATCH = YES;
				COPY_PHASE_STRIP = NO;
				DEAD_CODE_STRIPPING = YES;
				DEBUG_INFORMATION_FORMAT = dwarf;
				ENABLE_STRICT_OBJC_MSGSEND = YES;
				ENABLE_TESTABILITY = YES;
				GCC_C_LANGUAGE_STANDARD = gnu11;
				GCC_DYNAMIC_NO_PIC = NO;
				GCC_NO_COMMON_BLOCKS = YES;
				GCC_OPTIMIZATION_LEVEL = 0;
				GCC_PREPROCESSOR_DEFINITIONS = (
					"DEBUG=1",
					"$(inherited)",
				);
				GCC_WARN_64_TO_32_BIT_CONVERSION = YES;
				GCC_WARN_ABOUT_RETURN_TYPE = YES_ERROR;
				GCC_WARN_UNDECLARED_SELECTOR = YES;
				GCC_WARN_UNINITIALIZED_AUTOS = YES_AGGRESSIVE;
				GCC_WARN_UNUSED_FUNCTION = YES;
				GCC_WARN_UNUSED_VARIABLE = YES;
				MACOSX_DEPLOYMENT_TARGET = 12.1;
				MTL_ENABLE_DEBUG_INFO = INCLUDE_SOURCE;
				MTL_FAST_MATH = YES;
				ONLY_ACTIVE_ARCH = YES;
				SDKROOT = macosx;
				SWIFT_ACTIVE_COMPILATION_CONDITIONS = DEBUG;
				SWIFT_OPTIMIZATION_LEVEL = "-Onone";
			};
			name = Debug;
		};
		99A4FC182B7D31FE00B4988E /* Release */ = {
			isa = XCBuildConfiguration;
			buildSettings = {
				ALWAYS_SEARCH_USER_PATHS = NO;
				CLANG_ANALYZER_NONNULL = YES;
				CLANG_ANALYZER_NUMBER_OBJECT_CONVERSION = YES_AGGRESSIVE;
				CLANG_CXX_LANGUAGE_STANDARD = "gnu++17";
				CLANG_ENABLE_MODULES = YES;
				CLANG_ENABLE_OBJC_ARC = YES;
				CLANG_ENABLE_OBJC_WEAK = YES;
				CLANG_WARN_BLOCK_CAPTURE_AUTORELEASING = YES;
				CLANG_WARN_BOOL_CONVERSION = YES;
				CLANG_WARN_COMMA = YES;
				CLANG_WARN_CONSTANT_CONVERSION = YES;
				CLANG_WARN_DEPRECATED_OBJC_IMPLEMENTATIONS = YES;
				CLANG_WARN_DIRECT_OBJC_ISA_USAGE = YES_ERROR;
				CLANG_WARN_DOCUMENTATION_COMMENTS = YES;
				CLANG_WARN_EMPTY_BODY = YES;
				CLANG_WARN_ENUM_CONVERSION = YES;
				CLANG_WARN_INFINITE_RECURSION = YES;
				CLANG_WARN_INT_CONVERSION = YES;
				CLANG_WARN_NON_LITERAL_NULL_CONVERSION = YES;
				CLANG_WARN_OBJC_IMPLICIT_RETAIN_SELF = YES;
				CLANG_WARN_OBJC_LITERAL_CONVERSION = YES;
				CLANG_WARN_OBJC_ROOT_CLASS = YES_ERROR;
				CLANG_WARN_QUOTED_INCLUDE_IN_FRAMEWORK_HEADER = YES;
				CLANG_WARN_RANGE_LOOP_ANALYSIS = YES;
				CLANG_WARN_STRICT_PROTOTYPES = YES;
				CLANG_WARN_SUSPICIOUS_MOVE = YES;
				CLANG_WARN_UNGUARDED_AVAILABILITY = YES_AGGRESSIVE;
				CLANG_WARN_UNREACHABLE_CODE = YES;
				CLANG_WARN__DUPLICATE_METHOD_MATCH = YES;
				COPY_PHASE_STRIP = NO;
				DEAD_CODE_STRIPPING = YES;
				DEBUG_INFORMATION_FORMAT = "dwarf-with-dsym";
				ENABLE_NS_ASSERTIONS = NO;
				ENABLE_STRICT_OBJC_MSGSEND = YES;
				GCC_C_LANGUAGE_STANDARD = gnu11;
				GCC_NO_COMMON_BLOCKS = YES;
				GCC_WARN_64_TO_32_BIT_CONVERSION = YES;
				GCC_WARN_ABOUT_RETURN_TYPE = YES_ERROR;
				GCC_WARN_UNDECLARED_SELECTOR = YES;
				GCC_WARN_UNINITIALIZED_AUTOS = YES_AGGRESSIVE;
				GCC_WARN_UNUSED_FUNCTION = YES;
				GCC_WARN_UNUSED_VARIABLE = YES;
				MACOSX_DEPLOYMENT_TARGET = 12.1;
				MTL_ENABLE_DEBUG_INFO = NO;
				MTL_FAST_MATH = YES;
				SDKROOT = macosx;
				SWIFT_COMPILATION_MODE = wholemodule;
				SWIFT_OPTIMIZATION_LEVEL = "-O";
			};
			name = Release;
		};
		99A4FC1A2B7D31FE00B4988E /* Debug */ = {
			isa = XCBuildConfiguration;
			buildSettings = {
				CODE_SIGN_IDENTITY = "-";
				CODE_SIGN_STYLE = Manual;
				DEAD_CODE_STRIPPING = YES;
				DEVELOPMENT_TEAM = 66W5A5Y95A;
				ENABLE_HARDENED_RUNTIME = YES;
				PRODUCT_NAME = "$(TARGET_NAME)";
				SWIFT_VERSION = 5.0;
			};
			name = Debug;
		};
		99A4FC1B2B7D31FE00B4988E /* Release */ = {
			isa = XCBuildConfiguration;
			buildSettings = {
				CODE_SIGN_IDENTITY = "-";
				CODE_SIGN_STYLE = Manual;
				DEAD_CODE_STRIPPING = YES;
				DEVELOPMENT_TEAM = 66W5A5Y95A;
				ENABLE_HARDENED_RUNTIME = YES;
				PRODUCT_NAME = "$(TARGET_NAME)";
				SWIFT_VERSION = 5.0;
			};
			name = Release;
		};
/* End XCBuildConfiguration section */

/* Begin XCConfigurationList section */
		997AA0A32B7F9CB900D8073C /* Build configuration list for PBXNativeTarget "MindBoxTests" */ = {
			isa = XCConfigurationList;
			buildConfigurations = (
				997AA0A42B7F9CB900D8073C /* Debug */,
				997AA0A52B7F9CB900D8073C /* Release */,
			);
			defaultConfigurationIsVisible = 0;
			defaultConfigurationName = Release;
		};
		99A4FC0D2B7D31FE00B4988E /* Build configuration list for PBXProject "MindBox" */ = {
			isa = XCConfigurationList;
			buildConfigurations = (
				99A4FC172B7D31FE00B4988E /* Debug */,
				99A4FC182B7D31FE00B4988E /* Release */,
			);
			defaultConfigurationIsVisible = 0;
			defaultConfigurationName = Release;
		};
		99A4FC192B7D31FE00B4988E /* Build configuration list for PBXNativeTarget "MindBox" */ = {
			isa = XCConfigurationList;
			buildConfigurations = (
				99A4FC1A2B7D31FE00B4988E /* Debug */,
				99A4FC1B2B7D31FE00B4988E /* Release */,
			);
			defaultConfigurationIsVisible = 0;
			defaultConfigurationName = Release;
		};
/* End XCConfigurationList section */
	};
	rootObject = 99A4FC0A2B7D31FE00B4988E /* Project object */;
}
